
Microsoft Visual Studio Solution File, Format Version 12.00
# Visual Studio Version 17
VisualStudioVersion = 17.10.35004.147
MinimumVisualStudioVersion = 10.0.40219.1
Project("{FAE04EC0-301F-11D3-BF4B-00C04F79EFBC}") = "Presentacion_TallerAutomotiz", "Presentacion_TallerAutomotiz\Presentacion_TallerAutomotiz.csproj", "{089AB5F6-4C4D-4101-80D9-360CE09753EF}"
EndProject
Global
	GlobalSection(SolutionConfigurationPlatforms) = preSolution
		Debug|Any CPU = Debug|Any CPU
		Release|Any CPU = Release|Any CPU
	EndGlobalSection
	GlobalSection(ProjectConfigurationPlatforms) = postSolution
		{089AB5F6-4C4D-4101-80D9-360CE09753EF}.Debug|Any CPU.ActiveCfg = Debug|Any CPU
		{089AB5F6-4C4D-4101-80D9-360CE09753EF}.Debug|Any CPU.Build.0 = Debug|Any CPU
		{089AB5F6-4C4D-4101-80D9-360CE09753EF}.Release|Any CPU.ActiveCfg = Release|Any CPU
		{089AB5F6-4C4D-4101-80D9-360CE09753EF}.Release|Any CPU.Build.0 = Release|Any CPU
	EndGlobalSection
	GlobalSection(SolutionProperties) = preSolution
		HideSolutionNode = FALSE
	EndGlobalSection
	GlobalSection(ExtensibilityGlobals) = postSolution
		SolutionGuid = {3E1C178E-D3C7-4096-B89D-26CBAEDA2A02}
	EndGlobalSection
EndGlobal
